{
  "name": "spotilink",
  "version": "1.4.9",
  "lockfileVersion": 1,
  "requires": true,
  "dependencies": {
    "@types/node": {
      "version": "16.11.11",
      "resolved": "https://registry.yarnpkg.com/@types/node/-/node-16.11.11.tgz",
      "integrity": "sha1-bqc0Lfs3nqEhCDW62oezxRISAjQ= sha512-KB0sixD67CeecHC33MYn+eYARkqTheIRNuu97y2XMjR7Wu3XibO1vaY6VBV6O/a89SPI81cEUIYT87UqUWlZNw=="
    },
    "@types/node-fetch": {
      "version": "3.0.3",
      "resolved": "https://registry.yarnpkg.com/@types/node-fetch/-/node-fetch-3.0.3.tgz",
      "integrity": "sha1-nZacmnSOhBVUpA7kNdJuU/o+6Jk= sha512-HhggYPH5N+AQe/OmN6fmhKmRRt2XuNJow+R3pQwJxOOF9GuwM7O2mheyGeIrs5MOIeNjDEdgdoyHBOrFeJBR3g=="
    },
    "@types/ws": {
      "version": "8.2.1",
      "resolved": "https://registry.yarnpkg.com/@types/ws/-/ws-8.2.1.tgz",
      "integrity": "sha1-e99rEoaXJsnzzDxISF7+pdRQUnQ= sha512-SqQ+LhVZaJi7c7sYVkjWALDigi/Wy7h7Iu72gkQp8Y8OWw/DddEVBrTSKu86pQftV2+Gm8lYM61hadPKqyaIeg==",
      "dependencies": {
        "@types/node": {
          "version": "13.9.8",
          "resolved": "https://registry.yarnpkg.com/@types/node/-/node-13.9.8.tgz",
          "integrity": "sha1-CZdkIPyAp6AL9AaAxjgV7Yx2FvQ= sha512-1WgO8hsyHynlx7nhP1kr0OFzsgKz5XDQL+Lfc3b1Q3qIln/n8cKD4m09NJ0+P1Rq7Zgnc7N0+SsMnoD1rEb0kA=="
        }
      }
    },
    "@typescript-eslint/eslint-plugin": {
      "version": "5.5.0",
      "resolved": "https://registry.yarnpkg.com/@typescript-eslint/eslint-plugin/-/eslint-plugin-5.5.0.tgz",
      "integrity": "sha1-EtX0fxJ68Im5hfOiBcDjSoEvj84= sha512-4bV6fulqbuaO9UMXU0Ia0o6z6if+kmMRW8rMRyfqXj/eGrZZRGedS4n0adeGNnjr8LKAM495hrQ7Tea52UWmQA==",
      "dev": true,
      "dependencies": {
        "ignore": {
          "version": "5.1.9",
          "resolved": "https://registry.yarnpkg.com/ignore/-/ignore-5.1.9.tgz",
          "integrity": "sha1-nsGly+jhRG7GDUQgBg1Dqm5zgvs= sha512-2zeMQpbKz5dhZ9IwL0gbxSW5w0NK/MSAMtNuhgIHEPmaU3vPdKPL0UdvUCXs5SS4JAwsBxysK5sFMW8ocFiVjQ=="
        }
      }
    },
    "@typescript-eslint/parser": {
      "version": "5.5.0",
      "resolved": "https://registry.yarnpkg.com/@typescript-eslint/parser/-/parser-5.5.0.tgz",
      "integrity": "sha1-o4Bw4iUzC3cQdNqmWRGCOHk/f80= sha512-JsXBU+kgQOAgzUn2jPrLA+Rd0Y1dswOlX3hp8MuRO1hQDs6xgHtbCXEiAu7bz5hyVURxbXcA2draasMbNqrhmg==",
      "dev": true
    },
    "data-uri-to-buffer": {
      "version": "4.0.0",
      "resolved": "https://registry.yarnpkg.com/data-uri-to-buffer/-/data-uri-to-buffer-4.0.0.tgz",
      "integrity": "sha1-tdtGrqUPYXZCisBbc745pXcBpks= sha512-Vr3mLBA8qWmcuschSLAOogKgQ/Jwxulv3RNE4FXnYWRGujzrRWQI4m12fQqRkwX06C0KanhLr4hK+GydchZsaA=="
    },
    "eslint": {
      "version": "8.4.0",
      "resolved": "https://registry.yarnpkg.com/eslint/-/eslint-8.4.0.tgz",
      "integrity": "sha1-L6AbJxyvwordwnGeVRrP9eifUjA= sha512-kv0XQcAQJL/VD9THQKhTQZVqkJKA+tIj/v2ZKNaIHRAADcJWFb+B/BAewUYuF6UVg1s2xC5qXVoDk0G8sKGeTA==",
      "dev": true
    },
    "fetch-blob": {
      "version": "3.2.0",
      "resolved": "https://registry.npmjs.org/fetch-blob/-/fetch-blob-3.2.0.tgz",
      "integrity": "sha512-7yAQpD2UMJzLi1Dqv7qFYnPbaPx7ZfFK6PiIxQ4PfkGPyNyl2Ugx+a/umUonmKqjhM4DnfbMvdX6otXq83soQQ==",
      "requires": {
        "node-domexception": "^1.0.0",
        "web-streams-polyfill": "^3.0.3"
      }
    },
    "formdata-polyfill": {
      "version": "4.0.10",
      "resolved": "https://registry.yarnpkg.com/formdata-polyfill/-/formdata-polyfill-4.0.10.tgz",
      "integrity": "sha1-JIB8McnUAuACqz2McgFEzriEhCM= sha512-buewHzMvYL29jdeQTVILecSaZKnt/RJWjoZCF5OW60Z67/GmSLBkOFM7qh1PI3zFNtJbaZL5eQu1vLfazOwj4g=="
    },
    "node-domexception": {
      "version": "1.0.0",
      "resolved": "https://registry.npmjs.org/node-domexception/-/node-domexception-1.0.0.tgz",
      "integrity": "sha512-/jKZoMpw0F8GRwl4/eLROPA3cfcXtLApP0QzLmUT/HuPCZWyB7IY9ZrMeKw2O/nFIqPQB3PVM9aYm0F312AXDQ=="
    },
    "node-fetch": {
      "version": "3.2.10",
      "resolved": "https://registry.npmjs.org/node-fetch/-/node-fetch-3.2.10.tgz",
      "integrity": "sha512-MhuzNwdURnZ1Cp4XTazr69K0BTizsBroX7Zx3UgDSVcZYKF/6p0CBe4EUb/hLqmzVhl0UpYfgRljQ4yxE+iCxA==",
      "requires": {
        "data-uri-to-buffer": "^4.0.0",
        "fetch-blob": "^3.1.4",
        "formdata-polyfill": "^4.0.10"
      }
    },
    "typescript": {
      "version": "4.5.2",
      "resolved": "https://registry.yarnpkg.com/typescript/-/typescript-4.5.2.tgz",
      "integrity": "sha1-isH7qfUiVv2wb7ieQSL6ajRsKZg= sha512-5BlMof9H1yGt0P8/WF+wPNw6GfctgGjXp5hkblpyT+8rkASSmkUKMXrxR0Xg8ThVCi/JnHQiKXeBaEwCeQwMFw==",
      "dev": true
    },
    "web-streams-polyfill": {
      "version": "3.2.0",
      "resolved": "https://registry.yarnpkg.com/web-streams-polyfill/-/web-streams-polyfill-3.2.0.tgz",
      "integrity": "sha1-prdAJrOOSIWGn7XFiekLlcz8eWU= sha512-EqPmREeOzttaLRm5HS7io98goBgZ7IVz79aDvqjD0kYXLtFZTc0T/U6wHTPKyIjb+MdN7DFIIX6hgdBEpWmfPA=="
    }
  }
}
